schema: '2.0'
stages:
  data_ingestion:
    cmd: python3 src/data/data_ingestion.py
    deps:
    - path: src/data/data_ingestion.py
      hash: md5
      md5: 88b80218133066b55f511b28b65f6b3f
      size: 2337
    outs:
    - path: data/raw
      hash: md5
      md5: 1af838888e16052e98114d211f7dfe83.dir
      size: 992353
      nfiles: 2
  data_preprocessing:
    cmd: python3 src/data/data_preprocessing.py
    deps:
    - path: data/raw
      hash: md5
      md5: 1af838888e16052e98114d211f7dfe83.dir
      size: 992353
      nfiles: 2
    - path: src/data/data_preprocessing.py
      hash: md5
      md5: 74f893bc7d0ff118bd6d67c01b80e3a5
      size: 4540
    outs:
    - path: data/processed
      hash: md5
      md5: e05211fcac9d3ecb602f38d9fb30a22b.dir
      size: 672308
      nfiles: 2
  feature_engineering:
    cmd: python3 src/features/feature_engineering.py
    deps:
    - path: data/processed
      hash: md5
      md5: e05211fcac9d3ecb602f38d9fb30a22b.dir
      size: 672308
      nfiles: 2
    - path: src/features/feature_engineering.py
      hash: md5
      md5: 71bfc0cb1cef6702c5350fa058f6b83a
      size: 3238
    outs:
    - path: data/features
      hash: md5
      md5: a96446d18510d24b048c7e6383cdcef4.dir
      size: 3016464
      nfiles: 2
  model_building:
    cmd: python3 src/model/model_building.py
    deps:
    - path: data/features
      hash: md5
      md5: a96446d18510d24b048c7e6383cdcef4.dir
      size: 3016464
      nfiles: 2
    - path: src/model/model_building.py
      hash: md5
      md5: 4f9d1bdfae08636d16ff59c16f0fd1b1
      size: 2289
    outs:
    - path: models/xgb_model.pkl
      hash: md5
      md5: 3bd72b97abdda31e7eff40587bc04173
      size: 131020
  model_evaluation:
    cmd: python3 src/model/model_evaluation.py
    deps:
    - path: data/features
      hash: md5
      md5: a96446d18510d24b048c7e6383cdcef4.dir
      size: 3016464
      nfiles: 2
    - path: src/model/model_evaluation.py
      hash: md5
      md5: 1830f271ddff13beacc36a340c59699e
      size: 2568
    outs:
    - path: reports/metrics
      hash: md5
      md5: 3f5f0666dfd45e8c2e91e7e3ff929fd6.dir
      size: 139
      nfiles: 1
